
Microsoft Visual Studio Solution File, Format Version 12.00
# Visual Studio Version 17
VisualStudioVersion = 17.11.35327.3
MinimumVisualStudioVersion = 10.0.40219.1
Project("{888888A0-9F3D-457C-B088-3A5042F75D52}") = "qthonny", "qthonny.pyproj", "{A6EFDB91-4557-473D-96E0-64CBC4620DD4}"
EndProject
Global
	GlobalSection(SolutionConfigurationPlatforms) = preSolution
		Debug|Any CPU = Debug|Any CPU
		Release|Any CPU = Release|Any CPU
	EndGlobalSection
	GlobalSection(ProjectConfigurationPlatforms) = postSolution
		{A6EFDB91-4557-473D-96E0-64CBC4620DD4}.Debug|Any CPU.ActiveCfg = Debug|Any CPU
		{A6EFDB91-4557-473D-96E0-64CBC4620DD4}.Release|Any CPU.ActiveCfg = Release|Any CPU
	EndGlobalSection
	GlobalSection(SolutionProperties) = preSolution
		HideSolutionNode = FALSE
	EndGlobalSection
	GlobalSection(ExtensibilityGlobals) = postSolution
		SolutionGuid = {D6ED611C-5148-4BD7-89CB-FC6FA40980A5}
	EndGlobalSection
EndGlobal
